FORGE
  remote: https://forgeapi.puppetlabs.com
  specs:
    KyleAnderson-consul (3.0.0)
      puppet-archive (< 2.0.0, >= 1.0.0)
      puppetlabs-stdlib (< 5.0.0, >= 4.6.0)
    camptocamp-accounts (1.9.3)
      puppetlabs-stdlib (< 5.0.0, >= 3.2.0)
    darin-zypprepo (1.0.2)
    elastic-elasticsearch (5.4.3)
      puppet-yum (< 3.0.0, >= 0.9.6)
      puppetlabs-apt (< 5.0.0, >= 2.0.0)
      puppetlabs-java (< 3.0.0, >= 1.0.0)
      puppetlabs-stdlib (< 5.0.0, >= 4.6.0)
      richardc-datacat (< 1.0.0, >= 0.6.2)
    elastic-kibana (5.1.0)
      puppetlabs-apt (< 5.0.0, >= 2.0.0)
      puppetlabs-stdlib (< 5.0.0, >= 4.5.0)
    elastic-logstash (5.3.0)
      puppetlabs-stdlib (< 5.0.0, >= 3.2.0)
    example42-stdmod (0.0.4)
      puppetlabs-stdlib (>= 0)
    pcfens-filebeat (2.1.0)
      puppet-archive (< 2.0.0, >= 0.5.0)
      puppetlabs-apt (< 5.0.0, >= 2.0.0)
      puppetlabs-powershell (< 3.0.0, >= 1.0.1)
      puppetlabs-stdlib (< 5.0.0, >= 4.6.0)
    puppet-archive (1.3.0)
      puppetlabs-stdlib (< 5.0.0, >= 4.6.0)
    puppet-grafana (4.0.1)
      puppet-archive (< 2.0.0, >= 1.0.1)
      puppetlabs-stdlib (< 5.0.0, >= 4.6.0)
    puppet-prometheus (1.0.0)
      puppet-archive (< 2.0.0, >= 1.3.0)
      puppetlabs-stdlib (< 5.0.0, >= 4.6.0)
    puppet-unattended_upgrades (3.0.0)
      puppetlabs-apt (< 5.0.0, >= 2.2.0)
      puppetlabs-stdlib (< 5.0.0, >= 4.13.1)
    puppet-yum (2.0.1)
      puppetlabs-concat (< 5.0.0, >= 1.2.5)
      puppetlabs-stdlib (< 5.0.0, >= 4.10.0)
    puppetlabs-apt (2.4.0)
      puppetlabs-stdlib (< 5.0.0, >= 4.13.0)
    puppetlabs-concat (2.2.1)
      puppetlabs-stdlib (< 5.0.0, >= 4.2.0)
    puppetlabs-gcc (0.3.0)
      puppetlabs-stdlib (< 5.0.0, >= 2.0.0)
    puppetlabs-git (0.5.0)
      puppetlabs-stdlib (>= 3.2.0)
    puppetlabs-java (1.6.0)
      puppetlabs-stdlib (< 5.0.0, >= 2.4.0)
    puppetlabs-postgresql (5.1.0)
      puppetlabs-apt (< 5.0.0, >= 2.0.0)
      puppetlabs-concat (< 5.0.0, >= 1.1.0)
      puppetlabs-stdlib (< 5.0.0, >= 4.13.1)
    puppetlabs-powershell (2.1.2)
    puppetlabs-stdlib (4.20.0)
    richardc-datacat (0.6.2)
    rtyler-jenkins (1.7.0)
      darin-zypprepo (< 2.0.0, >= 1.0.1)
      puppet-archive (>= 0.4.8)
      puppetlabs-apt (< 3.0.0, >= 0.0.3)
      puppetlabs-java (< 2.0.0, >= 1.0.1)
      puppetlabs-stdlib (< 5.0.0, >= 4.6.0)
    saz-dnsmasq (1.3.1)
      puppetlabs-stdlib (< 5.0.0, >= 2.0.0)
    saz-locales (2.4.0)
    saz-ssh (3.0.1)
      puppetlabs-concat (< 3.0.0, >= 1.2.5)
      puppetlabs-stdlib (< 5.0.0, >= 4.6.0)
    saz-sudo (4.2.0)
      puppetlabs-stdlib (< 5.0.0, >= 2.6.0)
    saz-timezone (3.5.0)
      puppetlabs-stdlib (< 5.0.0, >= 2.6.0)
      stm-debconf (<= 2.0.0, >= 1.0.0)
    stm-debconf (2.0.0)
    willdurand-nodejs (2.0.0-alpha3)
      puppetlabs-gcc (>= 0.3.0)
      puppetlabs-stdlib (>= 3.2.1)

DEPENDENCIES
  KyleAnderson-consul (>= 2.1.1)
  camptocamp-accounts (>= 1.8.0)
  elastic-elasticsearch (>= 5.2.0)
  elastic-kibana (>= 0.3.0)
  elastic-logstash (>= 5.2.1)
  example42-stdmod (>= 0.0.3)
  pcfens-filebeat (>= 0.11.1)
  puppet-grafana (>= 3.0.0)
  puppet-prometheus (>= 1.0.0)
  puppet-unattended_upgrades (>= 2.0.0)
  puppetlabs-apt (< 3.0.0, >= 1.8.0)
  puppetlabs-concat (< 3.0.0, >= 1.1.0)
  puppetlabs-git (>= 0.5.0)
  puppetlabs-postgresql (>= 4.7.1)
  puppetlabs-stdlib (>= 1.0.0)
  rtyler-jenkins (>= 1.7.0)
  saz-dnsmasq (>= 1.3.1)
  saz-locales (>= 2.2.2)
  saz-ssh (>= 2.8.1)
  saz-sudo (>= 3.1.0)
  saz-timezone (>= 3.3.0)
  willdurand-nodejs (>= 1.9.5)

