FORGE
  remote: https://forgeapi.puppetlabs.com
  specs:
    KyleAnderson-consul (3.0.0)
      puppet-archive (< 2.0.0, >= 1.0.0)
      puppetlabs-stdlib (< 5.0.0, >= 4.6.0)
    camptocamp-accounts (1.9.0)
      puppetlabs-stdlib (< 5.0.0, >= 3.2.0)
    darin-zypprepo (1.0.2)
    elastic-elasticsearch (5.1.1)
      puppet-yum (>= 0.9.6)
      puppetlabs-apt (< 3.0.0, >= 2.0.0)
      puppetlabs-java (< 2.0.0, >= 1.0.0)
      puppetlabs-stdlib (< 5.0.0, >= 4.6.0)
      richardc-datacat (< 1.0.0, >= 0.6.2)
    elastic-kibana (0.3.0)
      puppetlabs-apt (< 3.0.0, >= 2.0.0)
      puppetlabs-stdlib (< 5.0.0, >= 4.5.0)
    elastic-logstash (5.1.0)
      puppetlabs-stdlib (< 5.0.0, >= 3.2.0)
    example42-network (3.3.6)
      puppetlabs-concat (>= 1.0.0)
      puppetlabs-stdlib (>= 2.0.1)
    example42-stdmod (0.0.4)
      puppetlabs-stdlib (>= 0)
    garethr-docker (5.3.0)
      puppetlabs-apt (<= 3.0.0, >= 1.8.0)
      puppetlabs-stdlib (>= 4.1.0)
      stahnma-epel (>= 0.0.6)
    jsok-vault (1.2.1)
      puppet-archive (< 2.0.0, >= 1.1.2)
      puppetlabs-stdlib (< 5.0.0, >= 4.2.0)
    liger1978-mattermost (1.7.2)
      nanliu-staging (< 2.0.0, >= 1.0.0)
      puppetlabs-stdlib (< 5.0.0, >= 4.2.0)
    lwf-remote_file (1.1.3)
    maestrodev-wget (1.7.3)
    nanliu-staging (1.0.3)
    pcfens-filebeat (0.11.1)
      lwf-remote_file (< 2.0.0, >= 0.2.0)
      puppetlabs-apt (< 3.0.0, >= 2.0.0)
      puppetlabs-powershell (< 2.0.0, >= 1.0.1)
      puppetlabs-stdlib (< 5.0.0, >= 4.6.0)
    puppet-archive (1.3.0)
      puppetlabs-stdlib (< 5.0.0, >= 4.6.0)
    puppet-grafana (3.0.0)
      garethr-docker (< 6.0.0, >= 5.0.0)
      maestrodev-wget (< 2.0.0, >= 1.7.3)
      puppet-archive (< 2.0.0, >= 1.0.1)
      puppetlabs-apt (< 3.0.0, >= 2.1.0)
      puppetlabs-stdlib (< 5.0.0, >= 4.6.0)
    puppet-prometheus (1.0.0)
      puppet-archive (< 2.0.0, >= 1.3.0)
      puppetlabs-stdlib (< 5.0.0, >= 4.6.0)
    puppet-unattended_upgrades (2.2.0)
      puppetlabs-apt (< 3.0.0, >= 2.2.0)
      puppetlabs-stdlib (< 5.0.0, >= 4.6.0)
    puppet-yum (1.0.0)
      puppetlabs-concat (< 3.0.0, >= 1.2.5)
      puppetlabs-stdlib (< 5.0.0, >= 4.10.0)
    puppetlabs-apt (2.4.0)
      puppetlabs-stdlib (< 5.0.0, >= 4.13.0)
    puppetlabs-concat (2.2.1)
      puppetlabs-stdlib (< 5.0.0, >= 4.2.0)
    puppetlabs-docker_platform (2.2.1)
      garethr-docker (= 5.3.0)
    puppetlabs-gcc (0.3.0)
      puppetlabs-stdlib (< 5.0.0, >= 2.0.0)
    puppetlabs-git (0.5.0)
      puppetlabs-stdlib (>= 3.2.0)
    puppetlabs-haproxy (1.5.0)
      puppetlabs-concat (< 3.0.0, >= 1.2.3)
      puppetlabs-stdlib (< 5.0.0, >= 3.2.0)
    puppetlabs-java (1.6.0)
      puppetlabs-stdlib (< 5.0.0, >= 2.4.0)
    puppetlabs-postgresql (4.9.0)
      puppetlabs-apt (< 3.0.0, >= 1.8.0)
      puppetlabs-concat (< 3.0.0, >= 1.1.0)
      puppetlabs-stdlib (~> 4.0)
    puppetlabs-powershell (1.0.6)
    puppetlabs-rancher (0.2.0)
      garethr-docker (>= 5.0.0)
      puppetlabs-stdlib (>= 1.0.0)
    puppetlabs-stdlib (4.16.0)
    puppetlabs-vcsrepo (1.5.0)
    richardc-datacat (0.6.2)
    rtyler-jenkins (1.7.0)
      darin-zypprepo (< 2.0.0, >= 1.0.1)
      puppet-archive (>= 0.4.8)
      puppetlabs-apt (< 3.0.0, >= 0.0.3)
      puppetlabs-java (< 2.0.0, >= 1.0.1)
      puppetlabs-stdlib (< 5.0.0, >= 4.6.0)
    saz-locales (2.3.0)
    saz-ssh (3.0.1)
      puppetlabs-concat (< 3.0.0, >= 1.2.5)
      puppetlabs-stdlib (< 5.0.0, >= 4.6.0)
    saz-sudo (4.1.0)
      puppetlabs-stdlib (>= 2.6.0)
    saz-timezone (3.4.0)
      puppetlabs-stdlib (>= 2.3.0)
      stm-debconf (>= 1.0.0)
    stahnma-epel (1.2.2)
      puppetlabs-stdlib (>= 3.0.0)
    stm-debconf (2.0.0)
    willdurand-nodejs (2.0.0-alpha2)
      puppetlabs-gcc (>= 0.3.0)
      puppetlabs-stdlib (>= 3.2.1)

DEPENDENCIES
  KyleAnderson-consul (>= 2.1.1)
  camptocamp-accounts (>= 1.8.0)
  elastic-elasticsearch (>= 5.1.0)
  elastic-kibana (>= 0.1.1)
  elastic-logstash (>= 5.0.4)
  example42-network (>= 3.3.1)
  example42-stdmod (>= 0.0.3)
  jsok-vault (>= 1.2.0)
  liger1978-mattermost (>= 1.6.1)
  pcfens-filebeat (>= 0.6.4)
  puppet-archive (>= 1.3.0)
  puppet-grafana (>= 3.0.0)
  puppet-prometheus (>= 1.0.0)
  puppet-unattended_upgrades (>= 2.0.0)
  puppetlabs-apt (< 3.0.0, >= 1.8.0)
  puppetlabs-concat (< 3.0.0, >= 1.1.0)
  puppetlabs-docker_platform (>= 2.2.1)
  puppetlabs-git (>= 0.5.0)
  puppetlabs-haproxy (>= 1.5.0)
  puppetlabs-postgresql (>= 4.7.1)
  puppetlabs-rancher (>= 0.2.0)
  puppetlabs-stdlib (>= 1.0.0)
  puppetlabs-vcsrepo (>= 1.3.2)
  rtyler-jenkins (>= 1.7.0)
  saz-locales (>= 2.2.2)
  saz-ssh (>= 2.8.1)
  saz-sudo (>= 3.1.0)
  saz-timezone (>= 3.3.0)
  willdurand-nodejs (>= 1.9.5)

